// !$*UTF8*$!
{
	archiveVersion = 1;
	classes = {
	};
	objectVersion = 46;
	objects = {

/* Begin PBXBuildFile section */
		04B4512620731C0B006CFD25 /* main.m in Sources */ = {isa = PBXBuildFile; fileRef = 04B4512520731C0B006CFD25 /* main.m */; };
		04B4512920731C0B006CFD25 /* AppDelegate.m in Sources */ = {isa = PBXBuildFile; fileRef = 04B4512820731C0B006CFD25 /* AppDelegate.m */; };
		04B4512C20731C0B006CFD25 /* ViewController.m in Sources */ = {isa = PBXBuildFile; fileRef = 04B4512B20731C0B006CFD25 /* ViewController.m */; };
		04B4512F20731C0B006CFD25 /* Main.storyboard in Resources */ = {isa = PBXBuildFile; fileRef = 04B4512D20731C0B006CFD25 /* Main.storyboard */; };
		04B4513120731C0B006CFD25 /* Assets.xcassets in Resources */ = {isa = PBXBuildFile; fileRef = 04B4513020731C0B006CFD25 /* Assets.xcassets */; };
		04B4513420731C0B006CFD25 /* LaunchScreen.storyboard in Resources */ = {isa = PBXBuildFile; fileRef = 04B4513220731C0B006CFD25 /* LaunchScreen.storyboard */; };
		04B4513F20731C0B006CFD25 /* test_1Tests.m in Sources */ = {isa = PBXBuildFile; fileRef = 04B4513E20731C0B006CFD25 /* test_1Tests.m */; };
		04B4514A20731C0B006CFD25 /* test_1UITests.m in Sources */ = {isa = PBXBuildFile; fileRef = 04B4514920731C0B006CFD25 /* test_1UITests.m */; };
		04B4515920732323006CFD25 /* SelfViewController.m in Sources */ = {isa = PBXBuildFile; fileRef = 04B4515820732323006CFD25 /* SelfViewController.m */; };
		04B4515F207329D5006CFD25 /* SecondViewController.m in Sources */ = {isa = PBXBuildFile; fileRef = 04B4515E207329D5006CFD25 /* SecondViewController.m */; };
		2F180FB420732541006D56B1 /* CustomView.m in Sources */ = {isa = PBXBuildFile; fileRef = 2F180FB320732541006D56B1 /* CustomView.m */; };
/* End PBXBuildFile section */

/* Begin PBXContainerItemProxy section */
		04B4513B20731C0B006CFD25 /* PBXContainerItemProxy */ = {
			isa = PBXContainerItemProxy;
			containerPortal = 04B4511920731C0B006CFD25 /* Project object */;
			proxyType = 1;
			remoteGlobalIDString = 04B4512020731C0B006CFD25;
			remoteInfo = "test-1";
		};
		04B4514620731C0B006CFD25 /* PBXContainerItemProxy */ = {
			isa = PBXContainerItemProxy;
			containerPortal = 04B4511920731C0B006CFD25 /* Project object */;
			proxyType = 1;
			remoteGlobalIDString = 04B4512020731C0B006CFD25;
			remoteInfo = "test-1";
		};
/* End PBXContainerItemProxy section */

/* Begin PBXFileReference section */
		04B4512120731C0B006CFD25 /* test-1.app */ = {isa = PBXFileReference; explicitFileType = wrapper.application; includeInIndex = 0; path = "test-1.app"; sourceTree = BUILT_PRODUCTS_DIR; };
		04B4512520731C0B006CFD25 /* main.m */ = {isa = PBXFileReference; lastKnownFileType = sourcecode.c.objc; path = main.m; sourceTree = "<group>"; };
		04B4512720731C0B006CFD25 /* AppDelegate.h */ = {isa = PBXFileReference; lastKnownFileType = sourcecode.c.h; path = AppDelegate.h; sourceTree = "<group>"; };
		04B4512820731C0B006CFD25 /* AppDelegate.m */ = {isa = PBXFileReference; lastKnownFileType = sourcecode.c.objc; path = AppDelegate.m; sourceTree = "<group>"; };
		04B4512A20731C0B006CFD25 /* ViewController.h */ = {isa = PBXFileReference; lastKnownFileType = sourcecode.c.h; path = ViewController.h; sourceTree = "<group>"; };
		04B4512B20731C0B006CFD25 /* ViewController.m */ = {isa = PBXFileReference; lastKnownFileType = sourcecode.c.objc; path = ViewController.m; sourceTree = "<group>"; };
		04B4512E20731C0B006CFD25 /* Base */ = {isa = PBXFileReference; lastKnownFileType = file.storyboard; name = Base; path = Base.lproj/Main.storyboard; sourceTree = "<group>"; };
		04B4513020731C0B006CFD25 /* Assets.xcassets */ = {isa = PBXFileReference; lastKnownFileType = folder.assetcatalog; path = Assets.xcassets; sourceTree = "<group>"; };
		04B4513320731C0B006CFD25 /* Base */ = {isa = PBXFileReference; lastKnownFileType = file.storyboard; name = Base; path = Base.lproj/LaunchScreen.storyboard; sourceTree = "<group>"; };
		04B4513520731C0B006CFD25 /* Info.plist */ = {isa = PBXFileReference; lastKnownFileType = text.plist.xml; path = Info.plist; sourceTree = "<group>"; };
		04B4513A20731C0B006CFD25 /* test-1Tests.xctest */ = {isa = PBXFileReference; explicitFileType = wrapper.cfbundle; includeInIndex = 0; path = "test-1Tests.xctest"; sourceTree = BUILT_PRODUCTS_DIR; };
		04B4513E20731C0B006CFD25 /* test_1Tests.m */ = {isa = PBXFileReference; lastKnownFileType = sourcecode.c.objc; path = test_1Tests.m; sourceTree = "<group>"; };
		04B4514020731C0B006CFD25 /* Info.plist */ = {isa = PBXFileReference; lastKnownFileType = text.plist.xml; path = Info.plist; sourceTree = "<group>"; };
		04B4514520731C0B006CFD25 /* test-1UITests.xctest */ = {isa = PBXFileReference; explicitFileType = wrapper.cfbundle; includeInIndex = 0; path = "test-1UITests.xctest"; sourceTree = BUILT_PRODUCTS_DIR; };
		04B4514920731C0B006CFD25 /* test_1UITests.m */ = {isa = PBXFileReference; lastKnownFileType = sourcecode.c.objc; path = test_1UITests.m; sourceTree = "<group>"; };
		04B4514B20731C0B006CFD25 /* Info.plist */ = {isa = PBXFileReference; lastKnownFileType = text.plist.xml; path = Info.plist; sourceTree = "<group>"; };
		04B4515720732323006CFD25 /* SelfViewController.h */ = {isa = PBXFileReference; fileEncoding = 4; lastKnownFileType = sourcecode.c.h; path = SelfViewController.h; sourceTree = "<group>"; };
		04B4515820732323006CFD25 /* SelfViewController.m */ = {isa = PBXFileReference; fileEncoding = 4; lastKnownFileType = sourcecode.c.objc; path = SelfViewController.m; sourceTree = "<group>"; };
		04B4515D207329D5006CFD25 /* SecondViewController.h */ = {isa = PBXFileReference; fileEncoding = 4; lastKnownFileType = sourcecode.c.h; path = SecondViewController.h; sourceTree = "<group>"; };
		04B4515E207329D5006CFD25 /* SecondViewController.m */ = {isa = PBXFileReference; fileEncoding = 4; lastKnownFileType = sourcecode.c.objc; path = SecondViewController.m; sourceTree = "<group>"; };
		2F180FB220732541006D56B1 /* CustomView.h */ = {isa = PBXFileReference; lastKnownFileType = sourcecode.c.h; path = CustomView.h; sourceTree = "<group>"; };
		2F180FB320732541006D56B1 /* CustomView.m */ = {isa = PBXFileReference; lastKnownFileType = sourcecode.c.objc; path = CustomView.m; sourceTree = "<group>"; };
/* End PBXFileReference section */

/* Begin PBXFrameworksBuildPhase section */
		04B4511E20731C0B006CFD25 /* Frameworks */ = {
			isa = PBXFrameworksBuildPhase;
			buildActionMask = 2147483647;
			files = (
			);
			runOnlyForDeploymentPostprocessing = 0;
		};
		04B4513720731C0B006CFD25 /* Frameworks */ = {
			isa = PBXFrameworksBuildPhase;
			buildActionMask = 2147483647;
			files = (
			);
			runOnlyForDeploymentPostprocessing = 0;
		};
		04B4514220731C0B006CFD25 /* Frameworks */ = {
			isa = PBXFrameworksBuildPhase;
			buildActionMask = 2147483647;
			files = (
			);
			runOnlyForDeploymentPostprocessing = 0;
		};
/* End PBXFrameworksBuildPhase section */

/* Begin PBXGroup section */
		04B4511820731C0B006CFD25 = {
			isa = PBXGroup;
			children = (
				04B4512320731C0B006CFD25 /* test-1 */,
				04B4513D20731C0B006CFD25 /* test-1Tests */,
				04B4514820731C0B006CFD25 /* test-1UITests */,
				04B4512220731C0B006CFD25 /* Products */,
			);
			sourceTree = "<group>";
		};
		04B4512220731C0B006CFD25 /* Products */ = {
			isa = PBXGroup;
			children = (
				04B4512120731C0B006CFD25 /* test-1.app */,
				04B4513A20731C0B006CFD25 /* test-1Tests.xctest */,
				04B4514520731C0B006CFD25 /* test-1UITests.xctest */,
			);
			name = Products;
			sourceTree = "<group>";
		};
		04B4512320731C0B006CFD25 /* test-1 */ = {
			isa = PBXGroup;
			children = (
				04B4512720731C0B006CFD25 /* AppDelegate.h */,
				04B4512820731C0B006CFD25 /* AppDelegate.m */,
				04B4512A20731C0B006CFD25 /* ViewController.h */,
				04B4512B20731C0B006CFD25 /* ViewController.m */,
				04B4515720732323006CFD25 /* SelfViewController.h */,
				04B4515820732323006CFD25 /* SelfViewController.m */,
				04B4515D207329D5006CFD25 /* SecondViewController.h */,
				04B4515E207329D5006CFD25 /* SecondViewController.m */,
				2F180FB220732541006D56B1 /* CustomView.h */,
				2F180FB320732541006D56B1 /* CustomView.m */,
				04B4512D20731C0B006CFD25 /* Main.storyboard */,
				04B4513020731C0B006CFD25 /* Assets.xcassets */,
				04B4513220731C0B006CFD25 /* LaunchScreen.storyboard */,
				04B4513520731C0B006CFD25 /* Info.plist */,
				04B4512420731C0B006CFD25 /* Supporting Files */,
			);
			path = "test-1";
			sourceTree = "<group>";
		};
		04B4512420731C0B006CFD25 /* Supporting Files */ = {
			isa = PBXGroup;
			children = (
				04B4512520731C0B006CFD25 /* main.m */,
			);
			name = "Supporting Files";
			sourceTree = "<group>";
		};
		04B4513D20731C0B006CFD25 /* test-1Tests */ = {
			isa = PBXGroup;
			children = (
				04B4513E20731C0B006CFD25 /* test_1Tests.m */,
				04B4514020731C0B006CFD25 /* Info.plist */,
			);
			path = "test-1Tests";
			sourceTree = "<group>";
		};
		04B4514820731C0B006CFD25 /* test-1UITests */ = {
			isa = PBXGroup;
			children = (
				04B4514920731C0B006CFD25 /* test_1UITests.m */,
				04B4514B20731C0B006CFD25 /* Info.plist */,
			);
			path = "test-1UITests";
			sourceTree = "<group>";
		};
/* End PBXGroup section */

/* Begin PBXNativeTarget section */
		04B4512020731C0B006CFD25 /* test-1 */ = {
			isa = PBXNativeTarget;
			buildConfigurationList = 04B4514E20731C0B006CFD25 /* Build configuration list for PBXNativeTarget "test-1" */;
			buildPhases = (
				04B4511D20731C0B006CFD25 /* Sources */,
				04B4511E20731C0B006CFD25 /* Frameworks */,
				04B4511F20731C0B006CFD25 /* Resources */,
			);
			buildRules = (
			);
			dependencies = (
			);
			name = "test-1";
			productName = "test-1";
			productReference = 04B4512120731C0B006CFD25 /* test-1.app */;
			productType = "com.apple.product-type.application";
		};
		04B4513920731C0B006CFD25 /* test-1Tests */ = {
			isa = PBXNativeTarget;
			buildConfigurationList = 04B4515120731C0B006CFD25 /* Build configuration list for PBXNativeTarget "test-1Tests" */;
			buildPhases = (
				04B4513620731C0B006CFD25 /* Sources */,
				04B4513720731C0B006CFD25 /* Frameworks */,
				04B4513820731C0B006CFD25 /* Resources */,
			);
			buildRules = (
			);
			dependencies = (
				04B4513C20731C0B006CFD25 /* PBXTargetDependency */,
			);
			name = "test-1Tests";
			productName = "test-1Tests";
			productReference = 04B4513A20731C0B006CFD25 /* test-1Tests.xctest */;
			productType = "com.apple.product-type.bundle.unit-test";
		};
		04B4514420731C0B006CFD25 /* test-1UITests */ = {
			isa = PBXNativeTarget;
			buildConfigurationList = 04B4515420731C0B006CFD25 /* Build configuration list for PBXNativeTarget "test-1UITests" */;
			buildPhases = (
				04B4514120731C0B006CFD25 /* Sources */,
				04B4514220731C0B006CFD25 /* Frameworks */,
				04B4514320731C0B006CFD25 /* Resources */,
			);
			buildRules = (
			);
			dependencies = (
				04B4514720731C0B006CFD25 /* PBXTargetDependency */,
			);
			name = "test-1UITests";
			productName = "test-1UITests";
			productReference = 04B4514520731C0B006CFD25 /* test-1UITests.xctest */;
			productType = "com.apple.product-type.bundle.ui-testing";
		};
/* End PBXNativeTarget section */

/* Begin PBXProject section */
		04B4511920731C0B006CFD25 /* Project object */ = {
			isa = PBXProject;
			attributes = {
				LastUpgradeCheck = 0720;
				ORGANIZATIONNAME = mac;
				TargetAttributes = {
					04B4512020731C0B006CFD25 = {
						CreatedOnToolsVersion = 7.2;
						DevelopmentTeam = 4F662R2GY6;
					};
					04B4513920731C0B006CFD25 = {
						CreatedOnToolsVersion = 7.2;
						DevelopmentTeam = 4F662R2GY6;
						TestTargetID = 04B4512020731C0B006CFD25;
					};
					04B4514420731C0B006CFD25 = {
						CreatedOnToolsVersion = 7.2;
						DevelopmentTeam = 4F662R2GY6;
						TestTargetID = 04B4512020731C0B006CFD25;
					};
				};
			};
			buildConfigurationList = 04B4511C20731C0B006CFD25 /* Build configuration list for PBXProject "test-1" */;
			compatibilityVersion = "Xcode 3.2";
			developmentRegion = English;
			hasScannedForEncodings = 0;
			knownRegions = (
				en,
				Base,
			);
			mainGroup = 04B4511820731C0B006CFD25;
			productRefGroup = 04B4512220731C0B006CFD25 /* Products */;
			projectDirPath = "";
			projectRoot = "";
			targets = (
				04B4512020731C0B006CFD25 /* test-1 */,
				04B4513920731C0B006CFD25 /* test-1Tests */,
				04B4514420731C0B006CFD25 /* test-1UITests */,
			);
		};
/* End PBXProject section */

/* Begin PBXResourcesBuildPhase section */
		04B4511F20731C0B006CFD25 /* Resources */ = {
			isa = PBXResourcesBuildPhase;
			buildActionMask = 2147483647;
			files = (
				04B4513420731C0B006CFD25 /* LaunchScreen.storyboard in Resources */,
				04B4513120731C0B006CFD25 /* Assets.xcassets in Resources */,
				04B4512F20731C0B006CFD25 /* Main.storyboard in Resources */,
			);
			runOnlyForDeploymentPostprocessing = 0;
		};
		04B4513820731C0B006CFD25 /* Resources */ = {
			isa = PBXResourcesBuildPhase;
			buildActionMask = 2147483647;
			files = (
			);
			runOnlyForDeploymentPostprocessing = 0;
		};
		04B4514320731C0B006CFD25 /* Resources */ = {
			isa = PBXResourcesBuildPhase;
			buildActionMask = 2147483647;
			files = (
			);
			runOnlyForDeploymentPostprocessing = 0;
		};
/* End PBXResourcesBuildPhase section */

/* Begin PBXSourcesBuildPhase section */
		04B4511D20731C0B006CFD25 /* Sources */ = {
			isa = PBXSourcesBuildPhase;
			buildActionMask = 2147483647;
			files = (
				04B4515F207329D5006CFD25 /* SecondViewController.m in Sources */,
				2F180FB420732541006D56B1 /* CustomView.m in Sources */,
				04B4515920732323006CFD25 /* SelfViewController.m in Sources */,
				04B4512C20731C0B006CFD25 /* ViewController.m in Sources */,
				04B4512920731C0B006CFD25 /* AppDelegate.m in Sources */,
				04B4512620731C0B006CFD25 /* main.m in Sources */,
			);
			runOnlyForDeploymentPostprocessing = 0;
		};
		04B4513620731C0B006CFD25 /* Sources */ = {
			isa = PBXSourcesBuildPhase;
			buildActionMask = 2147483647;
			files = (
				04B4513F20731C0B006CFD25 /* test_1Tests.m in Sources */,
			);
			runOnlyForDeploymentPostprocessing = 0;
		};
		04B4514120731C0B006CFD25 /* Sources */ = {
			isa = PBXSourcesBuildPhase;
			buildActionMask = 2147483647;
			files = (
				04B4514A20731C0B006CFD25 /* test_1UITests.m in Sources */,
			);
			runOnlyForDeploymentPostprocessing = 0;
		};
/* End PBXSourcesBuildPhase section */

/* Begin PBXTargetDependency section */
		04B4513C20731C0B006CFD25 /* PBXTargetDependency */ = {
			isa = PBXTargetDependency;
			target = 04B4512020731C0B006CFD25 /* test-1 */;
			targetProxy = 04B4513B20731C0B006CFD25 /* PBXContainerItemProxy */;
		};
		04B4514720731C0B006CFD25 /* PBXTargetDependency */ = {
			isa = PBXTargetDependency;
			target = 04B4512020731C0B006CFD25 /* test-1 */;
			targetProxy = 04B4514620731C0B006CFD25 /* PBXContainerItemProxy */;
		};
/* End PBXTargetDependency section */

/* Begin PBXVariantGroup section */
		04B4512D20731C0B006CFD25 /* Main.storyboard */ = {
			isa = PBXVariantGroup;
			children = (
				04B4512E20731C0B006CFD25 /* Base */,
			);
			name = Main.storyboard;
			sourceTree = "<group>";
		};
		04B4513220731C0B006CFD25 /* LaunchScreen.storyboard */ = {
			isa = PBXVariantGroup;
			children = (
				04B4513320731C0B006CFD25 /* Base */,
			);
			name = LaunchScreen.storyboard;
			sourceTree = "<group>";
		};
/* End PBXVariantGroup section */

/* Begin XCBuildConfiguration section */
		04B4514C20731C0B006CFD25 /* Debug */ = {
			isa = XCBuildConfiguration;
			buildSettings = {
				ALWAYS_SEARCH_USER_PATHS = NO;
				CLANG_CXX_LANGUAGE_STANDARD = "gnu++0x";
				CLANG_CXX_LIBRARY = "libc++";
				CLANG_ENABLE_MODULES = YES;
				CLANG_ENABLE_OBJC_ARC = YES;
				CLANG_WARN_BOOL_CONVERSION = YES;
				CLANG_WARN_CONSTANT_CONVERSION = YES;
				CLANG_WARN_DIRECT_OBJC_ISA_USAGE = YES_ERROR;
				CLANG_WARN_EMPTY_BODY = YES;
				CLANG_WARN_ENUM_CONVERSION = YES;
				CLANG_WARN_INT_CONVERSION = YES;
				CLANG_WARN_OBJC_ROOT_CLASS = YES_ERROR;
				CLANG_WARN_UNREACHABLE_CODE = YES;
				CLANG_WARN__DUPLICATE_METHOD_MATCH = YES;
				"CODE_SIGN_IDENTITY[sdk=iphoneos*]" = "iPhone Developer";
				COPY_PHASE_STRIP = NO;
				DEBUG_INFORMATION_FORMAT = dwarf;
				ENABLE_STRICT_OBJC_MSGSEND = YES;
				ENABLE_TESTABILITY = YES;
				GCC_C_LANGUAGE_STANDARD = gnu99;
				GCC_DYNAMIC_NO_PIC = NO;
				GCC_NO_COMMON_BLOCKS = YES;
				GCC_OPTIMIZATION_LEVEL = 0;
				GCC_PREPROCESSOR_DEFINITIONS = (
					"DEBUG=1",
					"$(inherited)",
				);
				GCC_WARN_64_TO_32_BIT_CONVERSION = YES;
				GCC_WARN_ABOUT_RETURN_TYPE = YES_ERROR;
				GCC_WARN_UNDECLARED_SELECTOR = YES;
				GCC_WARN_UNINITIALIZED_AUTOS = YES_AGGRESSIVE;
				GCC_WARN_UNUSED_FUNCTION = YES;
				GCC_WARN_UNUSED_VARIABLE = YES;
				IPHONEOS_DEPLOYMENT_TARGET = 9.2;
				MTL_ENABLE_DEBUG_INFO = YES;
				ONLY_ACTIVE_ARCH = YES;
				SDKROOT = iphoneos;
				TARGETED_DEVICE_FAMILY = "1,2";
			};
			name = Debug;
		};
		04B4514D20731C0B006CFD25 /* Release */ = {
			isa = XCBuildConfiguration;
			buildSettings = {
				ALWAYS_SEARCH_USER_PATHS = NO;
				CLANG_CXX_LANGUAGE_STANDARD = "gnu++0x";
				CLANG_CXX_LIBRARY = "libc++";
				CLANG_ENABLE_MODULES = YES;
				CLANG_ENABLE_OBJC_ARC = YES;
				CLANG_WARN_BOOL_CONVERSION = YES;
				CLANG_WARN_CONSTANT_CONVERSION = YES;
				CLANG_WARN_DIRECT_OBJC_ISA_USAGE = YES_ERROR;
				CLANG_WARN_EMPTY_BODY = YES;
				CLANG_WARN_ENUM_CONVERSION = YES;
				CLANG_WARN_INT_CONVERSION = YES;
				CLANG_WARN_OBJC_ROOT_CLASS = YES_ERROR;
				CLANG_WARN_UNREACHABLE_CODE = YES;
				CLANG_WARN__DUPLICATE_METHOD_MATCH = YES;
				"CODE_SIGN_IDENTITY[sdk=iphoneos*]" = "iPhone Developer";
				COPY_PHASE_STRIP = NO;
				DEBUG_INFORMATION_FORMAT = "dwarf-with-dsym";
				ENABLE_NS_ASSERTIONS = NO;
				ENABLE_STRICT_OBJC_MSGSEND = YES;
				GCC_C_LANGUAGE_STANDARD = gnu99;
				GCC_NO_COMMON_BLOCKS = YES;
				GCC_WARN_64_TO_32_BIT_CONVERSION = YES;
				GCC_WARN_ABOUT_RETURN_TYPE = YES_ERROR;
				GCC_WARN_UNDECLARED_SELECTOR = YES;
				GCC_WARN_UNINITIALIZED_AUTOS = YES_AGGRESSIVE;
				GCC_WARN_UNUSED_FUNCTION = YES;
				GCC_WARN_UNUSED_VARIABLE = YES;
				IPHONEOS_DEPLOYMENT_TARGET = 9.2;
				MTL_ENABLE_DEBUG_INFO = NO;
				SDKROOT = iphoneos;
				TARGETED_DEVICE_FAMILY = "1,2";
				VALIDATE_PRODUCT = YES;
			};
			name = Release;
		};
		04B4514F20731C0B006CFD25 /* Debug */ = {
			isa = XCBuildConfiguration;
			buildSettings = {
				ASSETCATALOG_COMPILER_APPICON_NAME = AppIcon;
				INFOPLIST_FILE = "test-1/Info.plist";
				LD_RUNPATH_SEARCH_PATHS = "$(inherited) @executable_path/Frameworks";
				PRODUCT_BUNDLE_IDENTIFIER = "com.house.test-1";
				PRODUCT_NAME = "$(TARGET_NAME)";
			};
			name = Debug;
		};
		04B4515020731C0B006CFD25 /* Release */ = {
			isa = XCBuildConfiguration;
			buildSettings = {
				ASSETCATALOG_COMPILER_APPICON_NAME = AppIcon;
				INFOPLIST_FILE = "test-1/Info.plist";
				LD_RUNPATH_SEARCH_PATHS = "$(inherited) @executable_path/Frameworks";
				PRODUCT_BUNDLE_IDENTIFIER = "com.house.test-1";
				PRODUCT_NAME = "$(TARGET_NAME)";
			};
			name = Release;
		};
		04B4515220731C0B006CFD25 /* Debug */ = {
			isa = XCBuildConfiguration;
			buildSettings = {
				BUNDLE_LOADER = "$(TEST_HOST)";
				INFOPLIST_FILE = "test-1Tests/Info.plist";
				LD_RUNPATH_SEARCH_PATHS = "$(inherited) @executable_path/Frameworks @loader_path/Frameworks";
				PRODUCT_BUNDLE_IDENTIFIER = "com.house.test-1Tests";
				PRODUCT_NAME = "$(TARGET_NAME)";
				TEST_HOST = "$(BUILT_PRODUCTS_DIR)/test-1.app/test-1";
			};
			name = Debug;
		};
		04B4515320731C0B006CFD25 /* Release */ = {
			isa = XCBuildConfiguration;
			buildSettings = {
				BUNDLE_LOADER = "$(TEST_HOST)";
				INFOPLIST_FILE = "test-1Tests/Info.plist";
				LD_RUNPATH_SEARCH_PATHS = "$(inherited) @executable_path/Frameworks @loader_path/Frameworks";
				PRODUCT_BUNDLE_IDENTIFIER = "com.house.test-1Tests";
				PRODUCT_NAME = "$(TARGET_NAME)";
				TEST_HOST = "$(BUILT_PRODUCTS_DIR)/test-1.app/test-1";
			};
			name = Release;
		};
		04B4515520731C0B006CFD25 /* Debug */ = {
			isa = XCBuildConfiguration;
			buildSettings = {
				INFOPLIST_FILE = "test-1UITests/Info.plist";
				LD_RUNPATH_SEARCH_PATHS = "$(inherited) @executable_path/Frameworks @loader_path/Frameworks";
				PRODUCT_BUNDLE_IDENTIFIER = "com.house.test-1UITests";
				PRODUCT_NAME = "$(TARGET_NAME)";
				TEST_TARGET_NAME = "test-1";
				USES_XCTRUNNER = YES;
			};
			name = Debug;
		};
		04B4515620731C0B006CFD25 /* Release */ = {
			isa = XCBuildConfiguration;
			buildSettings = {
				INFOPLIST_FILE = "test-1UITests/Info.plist";
				LD_RUNPATH_SEARCH_PATHS = "$(inherited) @executable_path/Frameworks @loader_path/Frameworks";
				PRODUCT_BUNDLE_IDENTIFIER = "com.house.test-1UITests";
				PRODUCT_NAME = "$(TARGET_NAME)";
				TEST_TARGET_NAME = "test-1";
				USES_XCTRUNNER = YES;
			};
			name = Release;
		};
/* End XCBuildConfiguration section */

/* Begin XCConfigurationList section */
		04B4511C20731C0B006CFD25 /* Build configuration list for PBXProject "test-1" */ = {
			isa = XCConfigurationList;
			buildConfigurations = (
				04B4514C20731C0B006CFD25 /* Debug */,
				04B4514D20731C0B006CFD25 /* Release */,
			);
			defaultConfigurationIsVisible = 0;
			defaultConfigurationName = Release;
		};
		04B4514E20731C0B006CFD25 /* Build configuration list for PBXNativeTarget "test-1" */ = {
			isa = XCConfigurationList;
			buildConfigurations = (
				04B4514F20731C0B006CFD25 /* Debug */,
				04B4515020731C0B006CFD25 /* Release */,
			);
			defaultConfigurationIsVisible = 0;
			defaultConfigurationName = Release;
		};
		04B4515120731C0B006CFD25 /* Build configuration list for PBXNativeTarget "test-1Tests" */ = {
			isa = XCConfigurationList;
			buildConfigurations = (
				04B4515220731C0B006CFD25 /* Debug */,
				04B4515320731C0B006CFD25 /* Release */,
			);
			defaultConfigurationIsVisible = 0;
			defaultConfigurationName = Release;
		};
		04B4515420731C0B006CFD25 /* Build configuration list for PBXNativeTarget "test-1UITests" */ = {
			isa = XCConfigurationList;
			buildConfigurations = (
				04B4515520731C0B006CFD25 /* Debug */,
				04B4515620731C0B006CFD25 /* Release */,
			);
			defaultConfigurationIsVisible = 0;
			defaultConfigurationName = Release;
		};
/* End XCConfigurationList section */
	};
	rootObject = 04B4511920731C0B006CFD25 /* Project object */;
}
